// !$*UTF8*$!
{
	archiveVersion = 1;
	classes = {
	};
	objectVersion = 50;
	objects = {

/* Begin PBXBuildFile section */
		1652001F2239B98B007C589C /* Assets.xcassets in Resources */ = {isa = PBXBuildFile; fileRef = 1652001E2239B98B007C589C /* Assets.xcassets */; };
		165200222239B98B007C589C /* LaunchScreen.storyboard in Resources */ = {isa = PBXBuildFile; fileRef = 165200202239B98B007C589C /* LaunchScreen.storyboard */; };
		165200292239BA9E007C589C /* Main.storyboard in Resources */ = {isa = PBXBuildFile; fileRef = 165200272239BA9E007C589C /* Main.storyboard */; };
		165200372239BAB1007C589C /* ViewController.swift in Sources */ = {isa = PBXBuildFile; fileRef = 1652002A2239BAB1007C589C /* ViewController.swift */; };
		165200382239BAB1007C589C /* AppDelegate.swift in Sources */ = {isa = PBXBuildFile; fileRef = 1652002B2239BAB1007C589C /* AppDelegate.swift */; };
		1652003B2239BAB1007C589C /* DataController.swift in Sources */ = {isa = PBXBuildFile; fileRef = 165200302239BAB1007C589C /* DataController.swift */; };
		1652003C2239BAB1007C589C /* Book.swift in Sources */ = {isa = PBXBuildFile; fileRef = 165200322239BAB1007C589C /* Book.swift */; };
		1652003D2239BAB1007C589C /* User.swift in Sources */ = {isa = PBXBuildFile; fileRef = 165200332239BAB1007C589C /* User.swift */; };
		165200432239BD25007C589C /* Realm.framework in Frameworks */ = {isa = PBXBuildFile; fileRef = 165200412239BD25007C589C /* Realm.framework */; };
		165200442239BD25007C589C /* RealmSwift.framework in Frameworks */ = {isa = PBXBuildFile; fileRef = 165200422239BD25007C589C /* RealmSwift.framework */; };
		165200472239BF9B007C589C /* Book+CoreDataClass.swift in Sources */ = {isa = PBXBuildFile; fileRef = 165200452239BF9B007C589C /* Book+CoreDataClass.swift */; };
		165200482239BF9B007C589C /* Book+CoreDataProperties.swift in Sources */ = {isa = PBXBuildFile; fileRef = 165200462239BF9B007C589C /* Book+CoreDataProperties.swift */; };
		1661AE5E22371DB200A7A2E8 /* User+CoreDataClass.swift in Sources */ = {isa = PBXBuildFile; fileRef = 1661AE5C22371DB200A7A2E8 /* User+CoreDataClass.swift */; };
		1661AE5F22371DB200A7A2E8 /* User+CoreDataProperties.swift in Sources */ = {isa = PBXBuildFile; fileRef = 1661AE5D22371DB200A7A2E8 /* User+CoreDataProperties.swift */; };
		1661AE692238313200A7A2E8 /* CustomMigration.swift in Sources */ = {isa = PBXBuildFile; fileRef = 1661AE682238313200A7A2E8 /* CustomMigration.swift */; };
		1661AE6D2238373E00A7A2E8 /* LibraryDataModel.xcdatamodeld in Sources */ = {isa = PBXBuildFile; fileRef = 1661AE6A2238373E00A7A2E8 /* LibraryDataModel.xcdatamodeld */; };
		1661AE7222383FDB00A7A2E8 /* v1_to_v2.xcmappingmodel in Sources */ = {isa = PBXBuildFile; fileRef = 1661AE7122383FDB00A7A2E8 /* v1_to_v2.xcmappingmodel */; };
		16D80DCC2233ED95003032B6 /* AppDelegate.swift in Sources */ = {isa = PBXBuildFile; fileRef = 16D80DCB2233ED95003032B6 /* AppDelegate.swift */; };
		16D80DCE2233ED95003032B6 /* ViewController.swift in Sources */ = {isa = PBXBuildFile; fileRef = 16D80DCD2233ED95003032B6 /* ViewController.swift */; };
		16D80DD12233ED95003032B6 /* Main.storyboard in Resources */ = {isa = PBXBuildFile; fileRef = 16D80DCF2233ED95003032B6 /* Main.storyboard */; };
		16D80DD62233ED96003032B6 /* Assets.xcassets in Resources */ = {isa = PBXBuildFile; fileRef = 16D80DD52233ED96003032B6 /* Assets.xcassets */; };
		16D80DD92233ED96003032B6 /* LaunchScreen.storyboard in Resources */ = {isa = PBXBuildFile; fileRef = 16D80DD72233ED96003032B6 /* LaunchScreen.storyboard */; };
		16D80DE12233EFBB003032B6 /* DataController.swift in Sources */ = {isa = PBXBuildFile; fileRef = 16D80DE02233EFBB003032B6 /* DataController.swift */; };
/* End PBXBuildFile section */

/* Begin PBXFileReference section */
		165200152239B98A007C589C /* RealmDemo.app */ = {isa = PBXFileReference; explicitFileType = wrapper.application; includeInIndex = 0; path = RealmDemo.app; sourceTree = BUILT_PRODUCTS_DIR; };
		1652001E2239B98B007C589C /* Assets.xcassets */ = {isa = PBXFileReference; lastKnownFileType = folder.assetcatalog; path = Assets.xcassets; sourceTree = "<group>"; };
		165200212239B98B007C589C /* Base */ = {isa = PBXFileReference; lastKnownFileType = file.storyboard; name = Base; path = Base.lproj/LaunchScreen.storyboard; sourceTree = "<group>"; };
		165200232239B98B007C589C /* Info.plist */ = {isa = PBXFileReference; lastKnownFileType = text.plist.xml; path = Info.plist; sourceTree = "<group>"; };
		165200282239BA9E007C589C /* Base */ = {isa = PBXFileReference; lastKnownFileType = file.storyboard; name = Base; path = Base.lproj/Main.storyboard; sourceTree = "<group>"; };
		1652002A2239BAB1007C589C /* ViewController.swift */ = {isa = PBXFileReference; fileEncoding = 4; lastKnownFileType = sourcecode.swift; path = ViewController.swift; sourceTree = "<group>"; };
		1652002B2239BAB1007C589C /* AppDelegate.swift */ = {isa = PBXFileReference; fileEncoding = 4; lastKnownFileType = sourcecode.swift; path = AppDelegate.swift; sourceTree = "<group>"; };
		165200302239BAB1007C589C /* DataController.swift */ = {isa = PBXFileReference; fileEncoding = 4; lastKnownFileType = sourcecode.swift; path = DataController.swift; sourceTree = "<group>"; };
		165200322239BAB1007C589C /* Book.swift */ = {isa = PBXFileReference; fileEncoding = 4; lastKnownFileType = sourcecode.swift; path = Book.swift; sourceTree = "<group>"; };
		165200332239BAB1007C589C /* User.swift */ = {isa = PBXFileReference; fileEncoding = 4; lastKnownFileType = sourcecode.swift; path = User.swift; sourceTree = "<group>"; };
		165200412239BD25007C589C /* Realm.framework */ = {isa = PBXFileReference; lastKnownFileType = wrapper.framework; name = Realm.framework; path = Carthage/Build/iOS/Realm.framework; sourceTree = "<group>"; };
		165200422239BD25007C589C /* RealmSwift.framework */ = {isa = PBXFileReference; lastKnownFileType = wrapper.framework; name = RealmSwift.framework; path = Carthage/Build/iOS/RealmSwift.framework; sourceTree = "<group>"; };
		165200452239BF9B007C589C /* Book+CoreDataClass.swift */ = {isa = PBXFileReference; lastKnownFileType = sourcecode.swift; path = "Book+CoreDataClass.swift"; sourceTree = "<group>"; };
		165200462239BF9B007C589C /* Book+CoreDataProperties.swift */ = {isa = PBXFileReference; lastKnownFileType = sourcecode.swift; path = "Book+CoreDataProperties.swift"; sourceTree = "<group>"; };
		1661AE5C22371DB200A7A2E8 /* User+CoreDataClass.swift */ = {isa = PBXFileReference; lastKnownFileType = sourcecode.swift; path = "User+CoreDataClass.swift"; sourceTree = "<group>"; };
		1661AE5D22371DB200A7A2E8 /* User+CoreDataProperties.swift */ = {isa = PBXFileReference; lastKnownFileType = sourcecode.swift; path = "User+CoreDataProperties.swift"; sourceTree = "<group>"; };
		1661AE682238313200A7A2E8 /* CustomMigration.swift */ = {isa = PBXFileReference; lastKnownFileType = sourcecode.swift; path = CustomMigration.swift; sourceTree = "<group>"; };
		1661AE6B2238373E00A7A2E8 /* LibraryDataModel.xcdatamodel */ = {isa = PBXFileReference; lastKnownFileType = wrapper.xcdatamodel; path = LibraryDataModel.xcdatamodel; sourceTree = "<group>"; };
		1661AE6C2238373E00A7A2E8 /* LibraryDataModel v2.xcdatamodel */ = {isa = PBXFileReference; lastKnownFileType = wrapper.xcdatamodel; path = "LibraryDataModel v2.xcdatamodel"; sourceTree = "<group>"; };
		1661AE7122383FDB00A7A2E8 /* v1_to_v2.xcmappingmodel */ = {isa = PBXFileReference; lastKnownFileType = wrapper.xcmappingmodel; path = v1_to_v2.xcmappingmodel; sourceTree = "<group>"; };
		16D80DC82233ED95003032B6 /* CoreDataDemo.app */ = {isa = PBXFileReference; explicitFileType = wrapper.application; includeInIndex = 0; path = CoreDataDemo.app; sourceTree = BUILT_PRODUCTS_DIR; };
		16D80DCB2233ED95003032B6 /* AppDelegate.swift */ = {isa = PBXFileReference; lastKnownFileType = sourcecode.swift; path = AppDelegate.swift; sourceTree = "<group>"; };
		16D80DCD2233ED95003032B6 /* ViewController.swift */ = {isa = PBXFileReference; lastKnownFileType = sourcecode.swift; path = ViewController.swift; sourceTree = "<group>"; };
		16D80DD02233ED95003032B6 /* Base */ = {isa = PBXFileReference; lastKnownFileType = file.storyboard; name = Base; path = Base.lproj/Main.storyboard; sourceTree = "<group>"; };
		16D80DD52233ED96003032B6 /* Assets.xcassets */ = {isa = PBXFileReference; lastKnownFileType = folder.assetcatalog; path = Assets.xcassets; sourceTree = "<group>"; };
		16D80DD82233ED96003032B6 /* Base */ = {isa = PBXFileReference; lastKnownFileType = file.storyboard; name = Base; path = Base.lproj/LaunchScreen.storyboard; sourceTree = "<group>"; };
		16D80DDA2233ED96003032B6 /* Info.plist */ = {isa = PBXFileReference; lastKnownFileType = text.plist.xml; path = Info.plist; sourceTree = "<group>"; };
		16D80DE02233EFBB003032B6 /* DataController.swift */ = {isa = PBXFileReference; lastKnownFileType = sourcecode.swift; path = DataController.swift; sourceTree = "<group>"; };
/* End PBXFileReference section */

/* Begin PBXFrameworksBuildPhase section */
		165200122239B98A007C589C /* Frameworks */ = {
			isa = PBXFrameworksBuildPhase;
			buildActionMask = 2147483647;
			files = (
				165200432239BD25007C589C /* Realm.framework in Frameworks */,
				165200442239BD25007C589C /* RealmSwift.framework in Frameworks */,
			);
			runOnlyForDeploymentPostprocessing = 0;
		};
		16D80DC52233ED95003032B6 /* Frameworks */ = {
			isa = PBXFrameworksBuildPhase;
			buildActionMask = 2147483647;
			files = (
			);
			runOnlyForDeploymentPostprocessing = 0;
		};
/* End PBXFrameworksBuildPhase section */

/* Begin PBXGroup section */
		165200162239B98A007C589C /* RealmDemo */ = {
			isa = PBXGroup;
			children = (
				1652001E2239B98B007C589C /* Assets.xcassets */,
				1652002C2239BAB1007C589C /* Realm */,
				1652002B2239BAB1007C589C /* AppDelegate.swift */,
				1652002A2239BAB1007C589C /* ViewController.swift */,
				165200272239BA9E007C589C /* Main.storyboard */,
				165200202239B98B007C589C /* LaunchScreen.storyboard */,
				165200232239B98B007C589C /* Info.plist */,
			);
			path = RealmDemo;
			sourceTree = "<group>";
		};
		1652002C2239BAB1007C589C /* Realm */ = {
			isa = PBXGroup;
			children = (
				165200302239BAB1007C589C /* DataController.swift */,
				165200312239BAB1007C589C /* Models */,
			);
			path = Realm;
			sourceTree = "<group>";
		};
		165200312239BAB1007C589C /* Models */ = {
			isa = PBXGroup;
			children = (
				165200322239BAB1007C589C /* Book.swift */,
				165200332239BAB1007C589C /* User.swift */,
			);
			path = Models;
			sourceTree = "<group>";
		};
		165200402239BD25007C589C /* Frameworks */ = {
			isa = PBXGroup;
			children = (
				165200412239BD25007C589C /* Realm.framework */,
				165200422239BD25007C589C /* RealmSwift.framework */,
			);
			name = Frameworks;
			sourceTree = "<group>";
		};
		1661AE602238290E00A7A2E8 /* Models */ = {
			isa = PBXGroup;
			children = (
				165200452239BF9B007C589C /* Book+CoreDataClass.swift */,
				165200462239BF9B007C589C /* Book+CoreDataProperties.swift */,
				1661AE5C22371DB200A7A2E8 /* User+CoreDataClass.swift */,
				1661AE5D22371DB200A7A2E8 /* User+CoreDataProperties.swift */,
			);
			path = Models;
			sourceTree = "<group>";
		};
		1661AE7022383F6200A7A2E8 /* v1 to v2 migration */ = {
			isa = PBXGroup;
			children = (
				1661AE682238313200A7A2E8 /* CustomMigration.swift */,
				1661AE7122383FDB00A7A2E8 /* v1_to_v2.xcmappingmodel */,
			);
			path = "v1 to v2 migration";
			sourceTree = "<group>";
		};
		1661AE73223849F400A7A2E8 /* CoreData */ = {
			isa = PBXGroup;
			children = (
				16D80DE02233EFBB003032B6 /* DataController.swift */,
				1661AE6A2238373E00A7A2E8 /* LibraryDataModel.xcdatamodeld */,
				1661AE7022383F6200A7A2E8 /* v1 to v2 migration */,
				1661AE602238290E00A7A2E8 /* Models */,
			);
			path = CoreData;
			sourceTree = "<group>";
		};
		16D80DBF2233ED95003032B6 = {
			isa = PBXGroup;
			children = (
				16D80DCA2233ED95003032B6 /* CoreDataDemo */,
				165200162239B98A007C589C /* RealmDemo */,
				16D80DC92233ED95003032B6 /* Products */,
				165200402239BD25007C589C /* Frameworks */,
			);
			sourceTree = "<group>";
		};
		16D80DC92233ED95003032B6 /* Products */ = {
			isa = PBXGroup;
			children = (
				16D80DC82233ED95003032B6 /* CoreDataDemo.app */,
				165200152239B98A007C589C /* RealmDemo.app */,
			);
			name = Products;
			sourceTree = "<group>";
		};
		16D80DCA2233ED95003032B6 /* CoreDataDemo */ = {
			isa = PBXGroup;
			children = (
				16D80DD52233ED96003032B6 /* Assets.xcassets */,
				1661AE73223849F400A7A2E8 /* CoreData */,
				16D80DCB2233ED95003032B6 /* AppDelegate.swift */,
				16D80DCD2233ED95003032B6 /* ViewController.swift */,
				16D80DCF2233ED95003032B6 /* Main.storyboard */,
				16D80DD72233ED96003032B6 /* LaunchScreen.storyboard */,
				16D80DDA2233ED96003032B6 /* Info.plist */,
			);
			path = CoreDataDemo;
			sourceTree = "<group>";
		};
/* End PBXGroup section */

/* Begin PBXNativeTarget section */
		165200142239B98A007C589C /* RealmDemo */ = {
			isa = PBXNativeTarget;
			buildConfigurationList = 165200262239B98B007C589C /* Build configuration list for PBXNativeTarget "RealmDemo" */;
			buildPhases = (
				165200112239B98A007C589C /* Sources */,
				165200122239B98A007C589C /* Frameworks */,
				165200132239B98A007C589C /* Resources */,
				1652003F2239BC6B007C589C /* Carthage */,
			);
			buildRules = (
			);
			dependencies = (
			);
			name = RealmDemo;
			productName = RealmDemo;
			productReference = 165200152239B98A007C589C /* RealmDemo.app */;
			productType = "com.apple.product-type.application";
		};
		16D80DC72233ED95003032B6 /* CoreDataDemo */ = {
			isa = PBXNativeTarget;
			buildConfigurationList = 16D80DDD2233ED96003032B6 /* Build configuration list for PBXNativeTarget "CoreDataDemo" */;
			buildPhases = (
				16D80DC42233ED95003032B6 /* Sources */,
				16D80DC52233ED95003032B6 /* Frameworks */,
				16D80DC62233ED95003032B6 /* Resources */,
			);
			buildRules = (
			);
			dependencies = (
			);
			name = CoreDataDemo;
			productName = CoreDataTest;
			productReference = 16D80DC82233ED95003032B6 /* CoreDataDemo.app */;
			productType = "com.apple.product-type.application";
		};
/* End PBXNativeTarget section */

/* Begin PBXProject section */
		16D80DC02233ED95003032B6 /* Project object */ = {
			isa = PBXProject;
			attributes = {
				LastSwiftUpdateCheck = 1010;
				LastUpgradeCheck = 1010;
				ORGANIZATIONNAME = "Wojciech Kulik";
				TargetAttributes = {
					165200142239B98A007C589C = {
						CreatedOnToolsVersion = 10.1;
						LastSwiftMigration = 1010;
					};
					16D80DC72233ED95003032B6 = {
						CreatedOnToolsVersion = 10.1;
					};
				};
			};
			buildConfigurationList = 16D80DC32233ED95003032B6 /* Build configuration list for PBXProject "CoreDataVsRealm" */;
			compatibilityVersion = "Xcode 9.3";
			developmentRegion = en;
			hasScannedForEncodings = 0;
			knownRegions = (
				en,
				Base,
			);
			mainGroup = 16D80DBF2233ED95003032B6;
			productRefGroup = 16D80DC92233ED95003032B6 /* Products */;
			projectDirPath = "";
			projectRoot = "";
			targets = (
				16D80DC72233ED95003032B6 /* CoreDataDemo */,
				165200142239B98A007C589C /* RealmDemo */,
			);
		};
/* End PBXProject section */

/* Begin PBXResourcesBuildPhase section */
		165200132239B98A007C589C /* Resources */ = {
			isa = PBXResourcesBuildPhase;
			buildActionMask = 2147483647;
			files = (
				165200292239BA9E007C589C /* Main.storyboard in Resources */,
				165200222239B98B007C589C /* LaunchScreen.storyboard in Resources */,
				1652001F2239B98B007C589C /* Assets.xcassets in Resources */,
			);
			runOnlyForDeploymentPostprocessing = 0;
		};
		16D80DC62233ED95003032B6 /* Resources */ = {
			isa = PBXResourcesBuildPhase;
			buildActionMask = 2147483647;
			files = (
				16D80DD92233ED96003032B6 /* LaunchScreen.storyboard in Resources */,
				16D80DD62233ED96003032B6 /* Assets.xcassets in Resources */,
				16D80DD12233ED95003032B6 /* Main.storyboard in Resources */,
			);
			runOnlyForDeploymentPostprocessing = 0;
		};
/* End PBXResourcesBuildPhase section */

/* Begin PBXShellScriptBuildPhase section */
		1652003F2239BC6B007C589C /* Carthage */ = {
			isa = PBXShellScriptBuildPhase;
			buildActionMask = 2147483647;
			files = (
			);
			inputFileListPaths = (
			);
			inputPaths = (
				"$(SRCROOT)/Carthage/Build/iOS/Realm.framework",
				"$(SRCROOT)/Carthage/Build/iOS/RealmSwift.framework",
			);
			name = Carthage;
			outputFileListPaths = (
			);
			outputPaths = (
				"$(BUILT_PRODUCTS_DIR)/$(FRAMEWORKS_FOLDER_PATH)/Realm.framework",
				"$(BUILT_PRODUCTS_DIR)/$(FRAMEWORKS_FOLDER_PATH)/RealmSwift.framework",
			);
			runOnlyForDeploymentPostprocessing = 0;
			shellPath = /bin/sh;
			shellScript = "/usr/local/bin/carthage copy-frameworks\n";
		};
/* End PBXShellScriptBuildPhase section */

/* Begin PBXSourcesBuildPhase section */
		165200112239B98A007C589C /* Sources */ = {
			isa = PBXSourcesBuildPhase;
			buildActionMask = 2147483647;
			files = (
				1652003B2239BAB1007C589C /* DataController.swift in Sources */,
				165200382239BAB1007C589C /* AppDelegate.swift in Sources */,
				1652003C2239BAB1007C589C /* Book.swift in Sources */,
				165200372239BAB1007C589C /* ViewController.swift in Sources */,
				1652003D2239BAB1007C589C /* User.swift in Sources */,
			);
			runOnlyForDeploymentPostprocessing = 0;
		};
		16D80DC42233ED95003032B6 /* Sources */ = {
			isa = PBXSourcesBuildPhase;
			buildActionMask = 2147483647;
			files = (
				16D80DCE2233ED95003032B6 /* ViewController.swift in Sources */,
				165200472239BF9B007C589C /* Book+CoreDataClass.swift in Sources */,
				16D80DE12233EFBB003032B6 /* DataController.swift in Sources */,
				1661AE5F22371DB200A7A2E8 /* User+CoreDataProperties.swift in Sources */,
				1661AE692238313200A7A2E8 /* CustomMigration.swift in Sources */,
				1661AE6D2238373E00A7A2E8 /* LibraryDataModel.xcdatamodeld in Sources */,
				1661AE7222383FDB00A7A2E8 /* v1_to_v2.xcmappingmodel in Sources */,
				16D80DCC2233ED95003032B6 /* AppDelegate.swift in Sources */,
				165200482239BF9B007C589C /* Book+CoreDataProperties.swift in Sources */,
				1661AE5E22371DB200A7A2E8 /* User+CoreDataClass.swift in Sources */,
			);
			runOnlyForDeploymentPostprocessing = 0;
		};
/* End PBXSourcesBuildPhase section */

/* Begin PBXVariantGroup section */
		165200202239B98B007C589C /* LaunchScreen.storyboard */ = {
			isa = PBXVariantGroup;
			children = (
				165200212239B98B007C589C /* Base */,
			);
			name = LaunchScreen.storyboard;
			sourceTree = "<group>";
		};
		165200272239BA9E007C589C /* Main.storyboard */ = {
			isa = PBXVariantGroup;
			children = (
				165200282239BA9E007C589C /* Base */,
			);
			name = Main.storyboard;
			sourceTree = "<group>";
		};
		16D80DCF2233ED95003032B6 /* Main.storyboard */ = {
			isa = PBXVariantGroup;
			children = (
				16D80DD02233ED95003032B6 /* Base */,
			);
			name = Main.storyboard;
			sourceTree = "<group>";
		};
		16D80DD72233ED96003032B6 /* LaunchScreen.storyboard */ = {
			isa = PBXVariantGroup;
			children = (
				16D80DD82233ED96003032B6 /* Base */,
			);
			name = LaunchScreen.storyboard;
			sourceTree = "<group>";
		};
/* End PBXVariantGroup section */

/* Begin XCBuildConfiguration section */
		165200242239B98B007C589C /* Debug */ = {
			isa = XCBuildConfiguration;
			buildSettings = {
				ASSETCATALOG_COMPILER_APPICON_NAME = AppIcon;
				CLANG_ENABLE_MODULES = YES;
				CODE_SIGN_STYLE = Automatic;
				DEVELOPMENT_TEAM = "";
				FRAMEWORK_SEARCH_PATHS = (
					"$(inherited)",
					"$(PROJECT_DIR)/Carthage/Build/iOS",
				);
				INFOPLIST_FILE = RealmDemo/Info.plist;
				LD_RUNPATH_SEARCH_PATHS = (
					"$(inherited)",
					"@executable_path/Frameworks",
				);
				PRODUCT_BUNDLE_IDENTIFIER = pl.wojciechkulik.RealmDemo;
				PRODUCT_NAME = "$(TARGET_NAME)";
				SWIFT_OPTIMIZATION_LEVEL = "-Onone";
				SWIFT_VERSION = 4.2;
				TARGETED_DEVICE_FAMILY = "1,2";
			};
			name = Debug;
		};
		165200252239B98B007C589C /* Release */ = {
			isa = XCBuildConfiguration;
			buildSettings = {
				ASSETCATALOG_COMPILER_APPICON_NAME = AppIcon;
				CLANG_ENABLE_MODULES = YES;
				CODE_SIGN_STYLE = Automatic;
				DEVELOPMENT_TEAM = "";
				FRAMEWORK_SEARCH_PATHS = (
					"$(inherited)",
					"$(PROJECT_DIR)/Carthage/Build/iOS",
				);
				INFOPLIST_FILE = RealmDemo/Info.plist;
				LD_RUNPATH_SEARCH_PATHS = (
					"$(inherited)",
					"@executable_path/Frameworks",
				);
				PRODUCT_BUNDLE_IDENTIFIER = pl.wojciechkulik.RealmDemo;
				PRODUCT_NAME = "$(TARGET_NAME)";
				SWIFT_VERSION = 4.2;
				TARGETED_DEVICE_FAMILY = "1,2";
			};
			name = Release;
		};
		16D80DDB2233ED96003032B6 /* Debug */ = {
			isa = XCBuildConfiguration;
			buildSettings = {
				ALWAYS_SEARCH_USER_PATHS = NO;
				CLANG_ANALYZER_NONNULL = YES;
				CLANG_ANALYZER_NUMBER_OBJECT_CONVERSION = YES_AGGRESSIVE;
				CLANG_CXX_LANGUAGE_STANDARD = "gnu++14";
				CLANG_CXX_LIBRARY = "libc++";
				CLANG_ENABLE_MODULES = YES;
				CLANG_ENABLE_OBJC_ARC = YES;
				CLANG_ENABLE_OBJC_WEAK = YES;
				CLANG_WARN_BLOCK_CAPTURE_AUTORELEASING = YES;
				CLANG_WARN_BOOL_CONVERSION = YES;
				CLANG_WARN_COMMA = YES;
				CLANG_WARN_CONSTANT_CONVERSION = YES;
				CLANG_WARN_DEPRECATED_OBJC_IMPLEMENTATIONS = YES;
				CLANG_WARN_DIRECT_OBJC_ISA_USAGE = YES_ERROR;
				CLANG_WARN_DOCUMENTATION_COMMENTS = YES;
				CLANG_WARN_EMPTY_BODY = YES;
				CLANG_WARN_ENUM_CONVERSION = YES;
				CLANG_WARN_INFINITE_RECURSION = YES;
				CLANG_WARN_INT_CONVERSION = YES;
				CLANG_WARN_NON_LITERAL_NULL_CONVERSION = YES;
				CLANG_WARN_OBJC_IMPLICIT_RETAIN_SELF = YES;
				CLANG_WARN_OBJC_LITERAL_CONVERSION = YES;
				CLANG_WARN_OBJC_ROOT_CLASS = YES_ERROR;
				CLANG_WARN_RANGE_LOOP_ANALYSIS = YES;
				CLANG_WARN_STRICT_PROTOTYPES = YES;
				CLANG_WARN_SUSPICIOUS_MOVE = YES;
				CLANG_WARN_UNGUARDED_AVAILABILITY = YES_AGGRESSIVE;
				CLANG_WARN_UNREACHABLE_CODE = YES;
				CLANG_WARN__DUPLICATE_METHOD_MATCH = YES;
				CODE_SIGN_IDENTITY = "iPhone Developer";
				COPY_PHASE_STRIP = NO;
				DEBUG_INFORMATION_FORMAT = dwarf;
				ENABLE_STRICT_OBJC_MSGSEND = YES;
				ENABLE_TESTABILITY = YES;
				GCC_C_LANGUAGE_STANDARD = gnu11;
				GCC_DYNAMIC_NO_PIC = NO;
				GCC_NO_COMMON_BLOCKS = YES;
				GCC_OPTIMIZATION_LEVEL = 0;
				GCC_PREPROCESSOR_DEFINITIONS = (
					"DEBUG=1",
					"$(inherited)",
				);
				GCC_WARN_64_TO_32_BIT_CONVERSION = YES;
				GCC_WARN_ABOUT_RETURN_TYPE = YES_ERROR;
				GCC_WARN_UNDECLARED_SELECTOR = YES;
				GCC_WARN_UNINITIALIZED_AUTOS = YES_AGGRESSIVE;
				GCC_WARN_UNUSED_FUNCTION = YES;
				GCC_WARN_UNUSED_VARIABLE = YES;
				IPHONEOS_DEPLOYMENT_TARGET = 12.1;
				MTL_ENABLE_DEBUG_INFO = INCLUDE_SOURCE;
				MTL_FAST_MATH = YES;
				ONLY_ACTIVE_ARCH = YES;
				SDKROOT = iphoneos;
				SWIFT_ACTIVE_COMPILATION_CONDITIONS = DEBUG;
				SWIFT_OPTIMIZATION_LEVEL = "-Onone";
			};
			name = Debug;
		};
		16D80DDC2233ED96003032B6 /* Release */ = {
			isa = XCBuildConfiguration;
			buildSettings = {
				ALWAYS_SEARCH_USER_PATHS = NO;
				CLANG_ANALYZER_NONNULL = YES;
				CLANG_ANALYZER_NUMBER_OBJECT_CONVERSION = YES_AGGRESSIVE;
				CLANG_CXX_LANGUAGE_STANDARD = "gnu++14";
				CLANG_CXX_LIBRARY = "libc++";
				CLANG_ENABLE_MODULES = YES;
				CLANG_ENABLE_OBJC_ARC = YES;
				CLANG_ENABLE_OBJC_WEAK = YES;
				CLANG_WARN_BLOCK_CAPTURE_AUTORELEASING = YES;
				CLANG_WARN_BOOL_CONVERSION = YES;
				CLANG_WARN_COMMA = YES;
				CLANG_WARN_CONSTANT_CONVERSION = YES;
				CLANG_WARN_DEPRECATED_OBJC_IMPLEMENTATIONS = YES;
				CLANG_WARN_DIRECT_OBJC_ISA_USAGE = YES_ERROR;
				CLANG_WARN_DOCUMENTATION_COMMENTS = YES;
				CLANG_WARN_EMPTY_BODY = YES;
				CLANG_WARN_ENUM_CONVERSION = YES;
				CLANG_WARN_INFINITE_RECURSION = YES;
				CLANG_WARN_INT_CONVERSION = YES;
				CLANG_WARN_NON_LITERAL_NULL_CONVERSION = YES;
				CLANG_WARN_OBJC_IMPLICIT_RETAIN_SELF = YES;
				CLANG_WARN_OBJC_LITERAL_CONVERSION = YES;
				CLANG_WARN_OBJC_ROOT_CLASS = YES_ERROR;
				CLANG_WARN_RANGE_LOOP_ANALYSIS = YES;
				CLANG_WARN_STRICT_PROTOTYPES = YES;
				CLANG_WARN_SUSPICIOUS_MOVE = YES;
				CLANG_WARN_UNGUARDED_AVAILABILITY = YES_AGGRESSIVE;
				CLANG_WARN_UNREACHABLE_CODE = YES;
				CLANG_WARN__DUPLICATE_METHOD_MATCH = YES;
				CODE_SIGN_IDENTITY = "iPhone Developer";
				COPY_PHASE_STRIP = NO;
				DEBUG_INFORMATION_FORMAT = "dwarf-with-dsym";
				ENABLE_NS_ASSERTIONS = NO;
				ENABLE_STRICT_OBJC_MSGSEND = YES;
				GCC_C_LANGUAGE_STANDARD = gnu11;
				GCC_NO_COMMON_BLOCKS = YES;
				GCC_WARN_64_TO_32_BIT_CONVERSION = YES;
				GCC_WARN_ABOUT_RETURN_TYPE = YES_ERROR;
				GCC_WARN_UNDECLARED_SELECTOR = YES;
				GCC_WARN_UNINITIALIZED_AUTOS = YES_AGGRESSIVE;
				GCC_WARN_UNUSED_FUNCTION = YES;
				GCC_WARN_UNUSED_VARIABLE = YES;
				IPHONEOS_DEPLOYMENT_TARGET = 12.1;
				MTL_ENABLE_DEBUG_INFO = NO;
				MTL_FAST_MATH = YES;
				SDKROOT = iphoneos;
				SWIFT_COMPILATION_MODE = wholemodule;
				SWIFT_OPTIMIZATION_LEVEL = "-O";
				VALIDATE_PRODUCT = YES;
			};
			name = Release;
		};
		16D80DDE2233ED96003032B6 /* Debug */ = {
			isa = XCBuildConfiguration;
			buildSettings = {
				ASSETCATALOG_COMPILER_APPICON_NAME = AppIcon;
				CODE_SIGN_STYLE = Automatic;
				DEVELOPMENT_TEAM = "";
				INFOPLIST_FILE = "$(SRCROOT)/CoreDataDemo/Info.plist";
				LD_RUNPATH_SEARCH_PATHS = (
					"$(inherited)",
					"@executable_path/Frameworks",
				);
				PRODUCT_BUNDLE_IDENTIFIER = pl.wojciechkulik.CoreDataDemo;
				PRODUCT_NAME = "$(TARGET_NAME)";
				SWIFT_VERSION = 4.2;
				TARGETED_DEVICE_FAMILY = "1,2";
			};
			name = Debug;
		};
		16D80DDF2233ED96003032B6 /* Release */ = {
			isa = XCBuildConfiguration;
			buildSettings = {
				ASSETCATALOG_COMPILER_APPICON_NAME = AppIcon;
				CODE_SIGN_STYLE = Automatic;
				DEVELOPMENT_TEAM = "";
				INFOPLIST_FILE = "$(SRCROOT)/CoreDataDemo/Info.plist";
				LD_RUNPATH_SEARCH_PATHS = (
					"$(inherited)",
					"@executable_path/Frameworks",
				);
				PRODUCT_BUNDLE_IDENTIFIER = pl.wojciechkulik.CoreDataDemo;
				PRODUCT_NAME = "$(TARGET_NAME)";
				SWIFT_VERSION = 4.2;
				TARGETED_DEVICE_FAMILY = "1,2";
			};
			name = Release;
		};
/* End XCBuildConfiguration section */

/* Begin XCConfigurationList section */
		165200262239B98B007C589C /* Build configuration list for PBXNativeTarget "RealmDemo" */ = {
			isa = XCConfigurationList;
			buildConfigurations = (
				165200242239B98B007C589C /* Debug */,
				165200252239B98B007C589C /* Release */,
			);
			defaultConfigurationIsVisible = 0;
			defaultConfigurationName = Release;
		};
		16D80DC32233ED95003032B6 /* Build configuration list for PBXProject "CoreDataVsRealm" */ = {
			isa = XCConfigurationList;
			buildConfigurations = (
				16D80DDB2233ED96003032B6 /* Debug */,
				16D80DDC2233ED96003032B6 /* Release */,
			);
			defaultConfigurationIsVisible = 0;
			defaultConfigurationName = Release;
		};
		16D80DDD2233ED96003032B6 /* Build configuration list for PBXNativeTarget "CoreDataDemo" */ = {
			isa = XCConfigurationList;
			buildConfigurations = (
				16D80DDE2233ED96003032B6 /* Debug */,
				16D80DDF2233ED96003032B6 /* Release */,
			);
			defaultConfigurationIsVisible = 0;
			defaultConfigurationName = Release;
		};
/* End XCConfigurationList section */

/* Begin XCVersionGroup section */
		1661AE6A2238373E00A7A2E8 /* LibraryDataModel.xcdatamodeld */ = {
			isa = XCVersionGroup;
			children = (
				1661AE6B2238373E00A7A2E8 /* LibraryDataModel.xcdatamodel */,
				1661AE6C2238373E00A7A2E8 /* LibraryDataModel v2.xcdatamodel */,
			);
			currentVersion = 1661AE6B2238373E00A7A2E8 /* LibraryDataModel.xcdatamodel */;
			path = LibraryDataModel.xcdatamodeld;
			sourceTree = "<group>";
			versionGroupType = wrapper.xcdatamodel;
		};
/* End XCVersionGroup section */
	};
	rootObject = 16D80DC02233ED95003032B6 /* Project object */;
}
